
Microsoft Visual Studio Solution File, Format Version 12.00
# Visual Studio 15
VisualStudioVersion = 15.0.28307.902
MinimumVisualStudioVersion = 10.0.40219.1
Project("{FAE04EC0-301F-11D3-BF4B-00C04F79EFBC}") = "Magnik.Common", "Magnik.Common\Magnik.Common.csproj", "{0710FA0A-D509-4E57-91D1-DDFFBD02CE22}"
EndProject
Project("{FAE04EC0-301F-11D3-BF4B-00C04F79EFBC}") = "Magnik.Logic", "Magnik.Logic\Magnik.Logic.csproj", "{B1DAB9CA-A6D8-4F60-9068-4A7D125A7E73}"
EndProject
Project("{FAE04EC0-301F-11D3-BF4B-00C04F79EFBC}") = "Magnik.Model", "Magnik.Model\Magnik.Model.csproj", "{B1869E30-B2A6-49A1-880A-58AE8E9EC84A}"
EndProject
Project("{FAE04EC0-301F-11D3-BF4B-00C04F79EFBC}") = "Magnik.DataProvider", "Magnik.DataProvider\Magnik.DataProvider.csproj", "{B50436E7-CFF7-4564-BFF4-FD434CAA6717}"
EndProject
Project("{FAE04EC0-301F-11D3-BF4B-00C04F79EFBC}") = "Magnik.Web", "Magnik.Web\Magnik.Web.csproj", "{7628F336-5922-4251-B6B2-C5364A5EEE34}"
EndProject
Global
	GlobalSection(SolutionConfigurationPlatforms) = preSolution
		Debug|Any CPU = Debug|Any CPU
		Release|Any CPU = Release|Any CPU
	EndGlobalSection
	GlobalSection(ProjectConfigurationPlatforms) = postSolution
		{0710FA0A-D509-4E57-91D1-DDFFBD02CE22}.Debug|Any CPU.ActiveCfg = Debug|Any CPU
		{0710FA0A-D509-4E57-91D1-DDFFBD02CE22}.Debug|Any CPU.Build.0 = Debug|Any CPU
		{0710FA0A-D509-4E57-91D1-DDFFBD02CE22}.Release|Any CPU.ActiveCfg = Release|Any CPU
		{0710FA0A-D509-4E57-91D1-DDFFBD02CE22}.Release|Any CPU.Build.0 = Release|Any CPU
		{B1DAB9CA-A6D8-4F60-9068-4A7D125A7E73}.Debug|Any CPU.ActiveCfg = Debug|Any CPU
		{B1DAB9CA-A6D8-4F60-9068-4A7D125A7E73}.Debug|Any CPU.Build.0 = Debug|Any CPU
		{B1DAB9CA-A6D8-4F60-9068-4A7D125A7E73}.Release|Any CPU.ActiveCfg = Release|Any CPU
		{B1DAB9CA-A6D8-4F60-9068-4A7D125A7E73}.Release|Any CPU.Build.0 = Release|Any CPU
		{B1869E30-B2A6-49A1-880A-58AE8E9EC84A}.Debug|Any CPU.ActiveCfg = Debug|Any CPU
		{B1869E30-B2A6-49A1-880A-58AE8E9EC84A}.Debug|Any CPU.Build.0 = Debug|Any CPU
		{B1869E30-B2A6-49A1-880A-58AE8E9EC84A}.Release|Any CPU.ActiveCfg = Release|Any CPU
		{B1869E30-B2A6-49A1-880A-58AE8E9EC84A}.Release|Any CPU.Build.0 = Release|Any CPU
		{B50436E7-CFF7-4564-BFF4-FD434CAA6717}.Debug|Any CPU.ActiveCfg = Debug|Any CPU
		{B50436E7-CFF7-4564-BFF4-FD434CAA6717}.Debug|Any CPU.Build.0 = Debug|Any CPU
		{B50436E7-CFF7-4564-BFF4-FD434CAA6717}.Release|Any CPU.ActiveCfg = Release|Any CPU
		{B50436E7-CFF7-4564-BFF4-FD434CAA6717}.Release|Any CPU.Build.0 = Release|Any CPU
		{7628F336-5922-4251-B6B2-C5364A5EEE34}.Debug|Any CPU.ActiveCfg = Debug|Any CPU
		{7628F336-5922-4251-B6B2-C5364A5EEE34}.Debug|Any CPU.Build.0 = Debug|Any CPU
		{7628F336-5922-4251-B6B2-C5364A5EEE34}.Release|Any CPU.ActiveCfg = Release|Any CPU
		{7628F336-5922-4251-B6B2-C5364A5EEE34}.Release|Any CPU.Build.0 = Release|Any CPU
	EndGlobalSection
	GlobalSection(SolutionProperties) = preSolution
		HideSolutionNode = FALSE
	EndGlobalSection
	GlobalSection(ExtensibilityGlobals) = postSolution
		SolutionGuid = {E521D2E2-D832-45CC-B149-9275C038BD09}
	EndGlobalSection
EndGlobal
